Microsoft Visual Studio Solution File, Format Version 12.00
# Visual Studio Version 18
VisualStudioVersion = 18.3.11505.172 d18.3
MinimumVisualStudioVersion = 10.0.40219.1
Project("{FAE04EC0-301F-11D3-BF4B-00C04F79EFBC}") = "To-do Maneger", "To-do Maneger\To-do Maneger.csproj", "{7CE55E23-50ED-C5F9-776C-87FCD7A6B0B4}"
EndProject
Project("{FAE04EC0-301F-11D3-BF4B-00C04F79EFBC}") = "To-do Manager.Tests", "To-do Manager.Tests\To-do Manager.Tests.csproj", "{A877281C-4863-48D4-8C47-F4D4E48B7590}"
EndProject
Global
	GlobalSection(SolutionConfigurationPlatforms) = preSolution
		Debug|Any CPU = Debug|Any CPU
		Release|Any CPU = Release|Any CPU
	EndGlobalSection
	GlobalSection(ProjectConfigurationPlatforms) = postSolution
		{7CE55E23-50ED-C5F9-776C-87FCD7A6B0B4}.Debug|Any CPU.ActiveCfg = Debug|Any CPU
		{7CE55E23-50ED-C5F9-776C-87FCD7A6B0B4}.Debug|Any CPU.Build.0 = Debug|Any CPU
		{7CE55E23-50ED-C5F9-776C-87FCD7A6B0B4}.Release|Any CPU.ActiveCfg = Release|Any CPU
		{7CE55E23-50ED-C5F9-776C-87FCD7A6B0B4}.Release|Any CPU.Build.0 = Release|Any CPU
		{A877281C-4863-48D4-8C47-F4D4E48B7590}.Debug|Any CPU.ActiveCfg = Debug|Any CPU
		{A877281C-4863-48D4-8C47-F4D4E48B7590}.Debug|Any CPU.Build.0 = Debug|Any CPU
		{A877281C-4863-48D4-8C47-F4D4E48B7590}.Release|Any CPU.ActiveCfg = Release|Any CPU
		{A877281C-4863-48D4-8C47-F4D4E48B7590}.Release|Any CPU.Build.0 = Release|Any CPU
	EndGlobalSection
	GlobalSection(SolutionProperties) = preSolution
		HideSolutionNode = FALSE
	EndGlobalSection
	GlobalSection(ExtensibilityGlobals) = postSolution
		SolutionGuid = {464B2667-A157-4A90-8476-0CABC281C3D0}
	EndGlobalSection
EndGlobal
